// !$*UTF8*$!
{
	archiveVersion = 1;
	classes = {
	};
	objectVersion = 50;
	objects = {

/* Begin PBXBuildFile section */
		42787C2C2565371200000F2A /* AppDelegate.swift in Sources */ = {isa = PBXBuildFile; fileRef = 42787C2B2565371200000F2A /* AppDelegate.swift */; };
		42787C302565371200000F2A /* ViewController.swift in Sources */ = {isa = PBXBuildFile; fileRef = 42787C2F2565371200000F2A /* ViewController.swift */; };
		42787C332565371200000F2A /* Main.storyboard in Resources */ = {isa = PBXBuildFile; fileRef = 42787C312565371200000F2A /* Main.storyboard */; };
		42787C352565371400000F2A /* Assets.xcassets in Resources */ = {isa = PBXBuildFile; fileRef = 42787C342565371400000F2A /* Assets.xcassets */; };
		42787C382565371400000F2A /* LaunchScreen.storyboard in Resources */ = {isa = PBXBuildFile; fileRef = 42787C362565371400000F2A /* LaunchScreen.storyboard */; };
		42787C412565373500000F2A /* ProtocolFile.swift in Sources */ = {isa = PBXBuildFile; fileRef = 42787C402565373500000F2A /* ProtocolFile.swift */; };
		42ACAD6F2566600800221C0D /* BaseFormVC.swift in Sources */ = {isa = PBXBuildFile; fileRef = 42ACAD6E2566600800221C0D /* BaseFormVC.swift */; };
		42ACAD722566604E00221C0D /* FormTableCell.swift in Sources */ = {isa = PBXBuildFile; fileRef = 42ACAD712566604E00221C0D /* FormTableCell.swift */; };
		42ACAD752566609B00221C0D /* FormTableCellModel.swift in Sources */ = {isa = PBXBuildFile; fileRef = 42ACAD742566609B00221C0D /* FormTableCellModel.swift */; };
		42ACAD792566672D00221C0D /* Extension.swift in Sources */ = {isa = PBXBuildFile; fileRef = 42ACAD782566672D00221C0D /* Extension.swift */; };
		42ACAD812566779200221C0D /* PersonInfoVC.swift in Sources */ = {isa = PBXBuildFile; fileRef = 42ACAD802566779200221C0D /* PersonInfoVC.swift */; };
		42ACAD8425667C8100221C0D /* File.swift in Sources */ = {isa = PBXBuildFile; fileRef = 42ACAD8325667C8100221C0D /* File.swift */; };
/* End PBXBuildFile section */

/* Begin PBXFileReference section */
		42787C282565371200000F2A /* AdaptKeyboard.app */ = {isa = PBXFileReference; explicitFileType = wrapper.application; includeInIndex = 0; path = AdaptKeyboard.app; sourceTree = BUILT_PRODUCTS_DIR; };
		42787C2B2565371200000F2A /* AppDelegate.swift */ = {isa = PBXFileReference; lastKnownFileType = sourcecode.swift; path = AppDelegate.swift; sourceTree = "<group>"; };
		42787C2F2565371200000F2A /* ViewController.swift */ = {isa = PBXFileReference; lastKnownFileType = sourcecode.swift; path = ViewController.swift; sourceTree = "<group>"; };
		42787C322565371200000F2A /* Base */ = {isa = PBXFileReference; lastKnownFileType = file.storyboard; name = Base; path = Base.lproj/Main.storyboard; sourceTree = "<group>"; };
		42787C342565371400000F2A /* Assets.xcassets */ = {isa = PBXFileReference; lastKnownFileType = folder.assetcatalog; path = Assets.xcassets; sourceTree = "<group>"; };
		42787C372565371400000F2A /* Base */ = {isa = PBXFileReference; lastKnownFileType = file.storyboard; name = Base; path = Base.lproj/LaunchScreen.storyboard; sourceTree = "<group>"; };
		42787C392565371400000F2A /* Info.plist */ = {isa = PBXFileReference; lastKnownFileType = text.plist.xml; path = Info.plist; sourceTree = "<group>"; };
		42787C402565373500000F2A /* ProtocolFile.swift */ = {isa = PBXFileReference; lastKnownFileType = sourcecode.swift; path = ProtocolFile.swift; sourceTree = "<group>"; };
		42ACAD6E2566600800221C0D /* BaseFormVC.swift */ = {isa = PBXFileReference; lastKnownFileType = sourcecode.swift; path = BaseFormVC.swift; sourceTree = "<group>"; };
		42ACAD712566604E00221C0D /* FormTableCell.swift */ = {isa = PBXFileReference; lastKnownFileType = sourcecode.swift; path = FormTableCell.swift; sourceTree = "<group>"; };
		42ACAD742566609B00221C0D /* FormTableCellModel.swift */ = {isa = PBXFileReference; lastKnownFileType = sourcecode.swift; path = FormTableCellModel.swift; sourceTree = "<group>"; };
		42ACAD782566672D00221C0D /* Extension.swift */ = {isa = PBXFileReference; lastKnownFileType = sourcecode.swift; path = Extension.swift; sourceTree = "<group>"; };
		42ACAD802566779200221C0D /* PersonInfoVC.swift */ = {isa = PBXFileReference; lastKnownFileType = sourcecode.swift; path = PersonInfoVC.swift; sourceTree = "<group>"; };
		42ACAD8325667C8100221C0D /* File.swift */ = {isa = PBXFileReference; lastKnownFileType = sourcecode.swift; path = File.swift; sourceTree = "<group>"; };
/* End PBXFileReference section */

/* Begin PBXFrameworksBuildPhase section */
		42787C252565371200000F2A /* Frameworks */ = {
			isa = PBXFrameworksBuildPhase;
			buildActionMask = 2147483647;
			files = (
			);
			runOnlyForDeploymentPostprocessing = 0;
		};
/* End PBXFrameworksBuildPhase section */

/* Begin PBXGroup section */
		42787C1F2565371200000F2A = {
			isa = PBXGroup;
			children = (
				42787C2A2565371200000F2A /* AdaptKeyboard */,
				42787C292565371200000F2A /* Products */,
			);
			sourceTree = "<group>";
		};
		42787C292565371200000F2A /* Products */ = {
			isa = PBXGroup;
			children = (
				42787C282565371200000F2A /* AdaptKeyboard.app */,
			);
			name = Products;
			sourceTree = "<group>";
		};
		42787C2A2565371200000F2A /* AdaptKeyboard */ = {
			isa = PBXGroup;
			children = (
				42787C2B2565371200000F2A /* AppDelegate.swift */,
				42787C2F2565371200000F2A /* ViewController.swift */,
				42787C402565373500000F2A /* ProtocolFile.swift */,
				42ACAD782566672D00221C0D /* Extension.swift */,
				42ACAD7E2566758900221C0D /* FormFiles */,
				42787C312565371200000F2A /* Main.storyboard */,
				42787C342565371400000F2A /* Assets.xcassets */,
				42787C362565371400000F2A /* LaunchScreen.storyboard */,
				42787C392565371400000F2A /* Info.plist */,
			);
			path = AdaptKeyboard;
			sourceTree = "<group>";
		};
		42ACAD7E2566758900221C0D /* FormFiles */ = {
			isa = PBXGroup;
			children = (
				42ACAD6E2566600800221C0D /* BaseFormVC.swift */,
				42ACAD742566609B00221C0D /* FormTableCellModel.swift */,
				42ACAD712566604E00221C0D /* FormTableCell.swift */,
				42ACAD802566779200221C0D /* PersonInfoVC.swift */,
				42ACAD8325667C8100221C0D /* File.swift */,
			);
			path = FormFiles;
			sourceTree = "<group>";
		};
/* End PBXGroup section */

/* Begin PBXNativeTarget section */
		42787C272565371200000F2A /* AdaptKeyboard */ = {
			isa = PBXNativeTarget;
			buildConfigurationList = 42787C3C2565371400000F2A /* Build configuration list for PBXNativeTarget "AdaptKeyboard" */;
			buildPhases = (
				42787C242565371200000F2A /* Sources */,
				42787C252565371200000F2A /* Frameworks */,
				42787C262565371200000F2A /* Resources */,
			);
			buildRules = (
			);
			dependencies = (
			);
			name = AdaptKeyboard;
			productName = AdaptKeyboard;
			productReference = 42787C282565371200000F2A /* AdaptKeyboard.app */;
			productType = "com.apple.product-type.application";
		};
/* End PBXNativeTarget section */

/* Begin PBXProject section */
		42787C202565371200000F2A /* Project object */ = {
			isa = PBXProject;
			attributes = {
				LastSwiftUpdateCheck = 1210;
				LastUpgradeCheck = 1210;
				TargetAttributes = {
					42787C272565371200000F2A = {
						CreatedOnToolsVersion = 12.1;
					};
				};
			};
			buildConfigurationList = 42787C232565371200000F2A /* Build configuration list for PBXProject "AdaptKeyboard" */;
			compatibilityVersion = "Xcode 9.3";
			developmentRegion = en;
			hasScannedForEncodings = 0;
			knownRegions = (
				en,
				Base,
			);
			mainGroup = 42787C1F2565371200000F2A;
			productRefGroup = 42787C292565371200000F2A /* Products */;
			projectDirPath = "";
			projectRoot = "";
			targets = (
				42787C272565371200000F2A /* AdaptKeyboard */,
			);
		};
/* End PBXProject section */

/* Begin PBXResourcesBuildPhase section */
		42787C262565371200000F2A /* Resources */ = {
			isa = PBXResourcesBuildPhase;
			buildActionMask = 2147483647;
			files = (
				42787C382565371400000F2A /* LaunchScreen.storyboard in Resources */,
				42787C352565371400000F2A /* Assets.xcassets in Resources */,
				42787C332565371200000F2A /* Main.storyboard in Resources */,
			);
			runOnlyForDeploymentPostprocessing = 0;
		};
/* End PBXResourcesBuildPhase section */

/* Begin PBXSourcesBuildPhase section */
		42787C242565371200000F2A /* Sources */ = {
			isa = PBXSourcesBuildPhase;
			buildActionMask = 2147483647;
			files = (
				42ACAD722566604E00221C0D /* FormTableCell.swift in Sources */,
				42ACAD812566779200221C0D /* PersonInfoVC.swift in Sources */,
				42ACAD6F2566600800221C0D /* BaseFormVC.swift in Sources */,
				42ACAD792566672D00221C0D /* Extension.swift in Sources */,
				42787C302565371200000F2A /* ViewController.swift in Sources */,
				42787C2C2565371200000F2A /* AppDelegate.swift in Sources */,
				42ACAD752566609B00221C0D /* FormTableCellModel.swift in Sources */,
				42ACAD8425667C8100221C0D /* File.swift in Sources */,
				42787C412565373500000F2A /* ProtocolFile.swift in Sources */,
			);
			runOnlyForDeploymentPostprocessing = 0;
		};
/* End PBXSourcesBuildPhase section */

/* Begin PBXVariantGroup section */
		42787C312565371200000F2A /* Main.storyboard */ = {
			isa = PBXVariantGroup;
			children = (
				42787C322565371200000F2A /* Base */,
			);
			name = Main.storyboard;
			sourceTree = "<group>";
		};
		42787C362565371400000F2A /* LaunchScreen.storyboard */ = {
			isa = PBXVariantGroup;
			children = (
				42787C372565371400000F2A /* Base */,
			);
			name = LaunchScreen.storyboard;
			sourceTree = "<group>";
		};
/* End PBXVariantGroup section */

/* Begin XCBuildConfiguration section */
		42787C3A2565371400000F2A /* Debug */ = {
			isa = XCBuildConfiguration;
			buildSettings = {
				ALWAYS_SEARCH_USER_PATHS = NO;
				CLANG_ANALYZER_NONNULL = YES;
				CLANG_ANALYZER_NUMBER_OBJECT_CONVERSION = YES_AGGRESSIVE;
				CLANG_CXX_LANGUAGE_STANDARD = "gnu++14";
				CLANG_CXX_LIBRARY = "libc++";
				CLANG_ENABLE_MODULES = YES;
				CLANG_ENABLE_OBJC_ARC = YES;
				CLANG_ENABLE_OBJC_WEAK = YES;
				CLANG_WARN_BLOCK_CAPTURE_AUTORELEASING = YES;
				CLANG_WARN_BOOL_CONVERSION = YES;
				CLANG_WARN_COMMA = YES;
				CLANG_WARN_CONSTANT_CONVERSION = YES;
				CLANG_WARN_DEPRECATED_OBJC_IMPLEMENTATIONS = YES;
				CLANG_WARN_DIRECT_OBJC_ISA_USAGE = YES_ERROR;
				CLANG_WARN_DOCUMENTATION_COMMENTS = YES;
				CLANG_WARN_EMPTY_BODY = YES;
				CLANG_WARN_ENUM_CONVERSION = YES;
				CLANG_WARN_INFINITE_RECURSION = YES;
				CLANG_WARN_INT_CONVERSION = YES;
				CLANG_WARN_NON_LITERAL_NULL_CONVERSION = YES;
				CLANG_WARN_OBJC_IMPLICIT_RETAIN_SELF = YES;
				CLANG_WARN_OBJC_LITERAL_CONVERSION = YES;
				CLANG_WARN_OBJC_ROOT_CLASS = YES_ERROR;
				CLANG_WARN_QUOTED_INCLUDE_IN_FRAMEWORK_HEADER = YES;
				CLANG_WARN_RANGE_LOOP_ANALYSIS = YES;
				CLANG_WARN_STRICT_PROTOTYPES = YES;
				CLANG_WARN_SUSPICIOUS_MOVE = YES;
				CLANG_WARN_UNGUARDED_AVAILABILITY = YES_AGGRESSIVE;
				CLANG_WARN_UNREACHABLE_CODE = YES;
				CLANG_WARN__DUPLICATE_METHOD_MATCH = YES;
				COPY_PHASE_STRIP = NO;
				DEBUG_INFORMATION_FORMAT = dwarf;
				ENABLE_STRICT_OBJC_MSGSEND = YES;
				ENABLE_TESTABILITY = YES;
				GCC_C_LANGUAGE_STANDARD = gnu11;
				GCC_DYNAMIC_NO_PIC = NO;
				GCC_NO_COMMON_BLOCKS = YES;
				GCC_OPTIMIZATION_LEVEL = 0;
				GCC_PREPROCESSOR_DEFINITIONS = (
					"DEBUG=1",
					"$(inherited)",
				);
				GCC_WARN_64_TO_32_BIT_CONVERSION = YES;
				GCC_WARN_ABOUT_RETURN_TYPE = YES_ERROR;
				GCC_WARN_UNDECLARED_SELECTOR = YES;
				GCC_WARN_UNINITIALIZED_AUTOS = YES_AGGRESSIVE;
				GCC_WARN_UNUSED_FUNCTION = YES;
				GCC_WARN_UNUSED_VARIABLE = YES;
				IPHONEOS_DEPLOYMENT_TARGET = 14.1;
				MTL_ENABLE_DEBUG_INFO = INCLUDE_SOURCE;
				MTL_FAST_MATH = YES;
				ONLY_ACTIVE_ARCH = YES;
				SDKROOT = iphoneos;
				SWIFT_ACTIVE_COMPILATION_CONDITIONS = DEBUG;
				SWIFT_OPTIMIZATION_LEVEL = "-Onone";
			};
			name = Debug;
		};
		42787C3B2565371400000F2A /* Release */ = {
			isa = XCBuildConfiguration;
			buildSettings = {
				ALWAYS_SEARCH_USER_PATHS = NO;
				CLANG_ANALYZER_NONNULL = YES;
				CLANG_ANALYZER_NUMBER_OBJECT_CONVERSION = YES_AGGRESSIVE;
				CLANG_CXX_LANGUAGE_STANDARD = "gnu++14";
				CLANG_CXX_LIBRARY = "libc++";
				CLANG_ENABLE_MODULES = YES;
				CLANG_ENABLE_OBJC_ARC = YES;
				CLANG_ENABLE_OBJC_WEAK = YES;
				CLANG_WARN_BLOCK_CAPTURE_AUTORELEASING = YES;
				CLANG_WARN_BOOL_CONVERSION = YES;
				CLANG_WARN_COMMA = YES;
				CLANG_WARN_CONSTANT_CONVERSION = YES;
				CLANG_WARN_DEPRECATED_OBJC_IMPLEMENTATIONS = YES;
				CLANG_WARN_DIRECT_OBJC_ISA_USAGE = YES_ERROR;
				CLANG_WARN_DOCUMENTATION_COMMENTS = YES;
				CLANG_WARN_EMPTY_BODY = YES;
				CLANG_WARN_ENUM_CONVERSION = YES;
				CLANG_WARN_INFINITE_RECURSION = YES;
				CLANG_WARN_INT_CONVERSION = YES;
				CLANG_WARN_NON_LITERAL_NULL_CONVERSION = YES;
				CLANG_WARN_OBJC_IMPLICIT_RETAIN_SELF = YES;
				CLANG_WARN_OBJC_LITERAL_CONVERSION = YES;
				CLANG_WARN_OBJC_ROOT_CLASS = YES_ERROR;
				CLANG_WARN_QUOTED_INCLUDE_IN_FRAMEWORK_HEADER = YES;
				CLANG_WARN_RANGE_LOOP_ANALYSIS = YES;
				CLANG_WARN_STRICT_PROTOTYPES = YES;
				CLANG_WARN_SUSPICIOUS_MOVE = YES;
				CLANG_WARN_UNGUARDED_AVAILABILITY = YES_AGGRESSIVE;
				CLANG_WARN_UNREACHABLE_CODE = YES;
				CLANG_WARN__DUPLICATE_METHOD_MATCH = YES;
				COPY_PHASE_STRIP = NO;
				DEBUG_INFORMATION_FORMAT = "dwarf-with-dsym";
				ENABLE_NS_ASSERTIONS = NO;
				ENABLE_STRICT_OBJC_MSGSEND = YES;
				GCC_C_LANGUAGE_STANDARD = gnu11;
				GCC_NO_COMMON_BLOCKS = YES;
				GCC_WARN_64_TO_32_BIT_CONVERSION = YES;
				GCC_WARN_ABOUT_RETURN_TYPE = YES_ERROR;
				GCC_WARN_UNDECLARED_SELECTOR = YES;
				GCC_WARN_UNINITIALIZED_AUTOS = YES_AGGRESSIVE;
				GCC_WARN_UNUSED_FUNCTION = YES;
				GCC_WARN_UNUSED_VARIABLE = YES;
				IPHONEOS_DEPLOYMENT_TARGET = 14.1;
				MTL_ENABLE_DEBUG_INFO = NO;
				MTL_FAST_MATH = YES;
				SDKROOT = iphoneos;
				SWIFT_COMPILATION_MODE = wholemodule;
				SWIFT_OPTIMIZATION_LEVEL = "-O";
				VALIDATE_PRODUCT = YES;
			};
			name = Release;
		};
		42787C3D2565371400000F2A /* Debug */ = {
			isa = XCBuildConfiguration;
			buildSettings = {
				ASSETCATALOG_COMPILER_APPICON_NAME = AppIcon;
				ASSETCATALOG_COMPILER_GLOBAL_ACCENT_COLOR_NAME = AccentColor;
				CODE_SIGN_STYLE = Automatic;
				DEVELOPMENT_TEAM = N3HC7SAE25;
				INFOPLIST_FILE = AdaptKeyboard/Info.plist;
				IPHONEOS_DEPLOYMENT_TARGET = 11.1;
				LD_RUNPATH_SEARCH_PATHS = (
					"$(inherited)",
					"@executable_path/Frameworks",
				);
				PRODUCT_BUNDLE_IDENTIFIER = willowriver.zamp.com.AdaptKeyboard;
				PRODUCT_NAME = "$(TARGET_NAME)";
				SWIFT_VERSION = 5.0;
				TARGETED_DEVICE_FAMILY = "1,2";
			};
			name = Debug;
		};
		42787C3E2565371400000F2A /* Release */ = {
			isa = XCBuildConfiguration;
			buildSettings = {
				ASSETCATALOG_COMPILER_APPICON_NAME = AppIcon;
				ASSETCATALOG_COMPILER_GLOBAL_ACCENT_COLOR_NAME = AccentColor;
				CODE_SIGN_STYLE = Automatic;
				DEVELOPMENT_TEAM = N3HC7SAE25;
				INFOPLIST_FILE = AdaptKeyboard/Info.plist;
				IPHONEOS_DEPLOYMENT_TARGET = 11.1;
				LD_RUNPATH_SEARCH_PATHS = (
					"$(inherited)",
					"@executable_path/Frameworks",
				);
				PRODUCT_BUNDLE_IDENTIFIER = willowriver.zamp.com.AdaptKeyboard;
				PRODUCT_NAME = "$(TARGET_NAME)";
				SWIFT_VERSION = 5.0;
				TARGETED_DEVICE_FAMILY = "1,2";
			};
			name = Release;
		};
/* End XCBuildConfiguration section */

/* Begin XCConfigurationList section */
		42787C232565371200000F2A /* Build configuration list for PBXProject "AdaptKeyboard" */ = {
			isa = XCConfigurationList;
			buildConfigurations = (
				42787C3A2565371400000F2A /* Debug */,
				42787C3B2565371400000F2A /* Release */,
			);
			defaultConfigurationIsVisible = 0;
			defaultConfigurationName = Release;
		};
		42787C3C2565371400000F2A /* Build configuration list for PBXNativeTarget "AdaptKeyboard" */ = {
			isa = XCConfigurationList;
			buildConfigurations = (
				42787C3D2565371400000F2A /* Debug */,
				42787C3E2565371400000F2A /* Release */,
			);
			defaultConfigurationIsVisible = 0;
			defaultConfigurationName = Release;
		};
/* End XCConfigurationList section */
	};
	rootObject = 42787C202565371200000F2A /* Project object */;
}
